// !$*UTF8*$!
{
	archiveVersion = 1;
	classes = {
	};
	objectVersion = 46;
	objects = {

/* Begin PBXBuildFile section */
		29E961DF1E76311C00DBE6EC /* main.m in Sources */ = {isa = PBXBuildFile; fileRef = 29E961DE1E76311C00DBE6EC /* main.m */; };
		29E961E21E76311C00DBE6EC /* AppDelegate.m in Sources */ = {isa = PBXBuildFile; fileRef = 29E961E11E76311C00DBE6EC /* AppDelegate.m */; };
		29E961E51E76311C00DBE6EC /* ViewController.m in Sources */ = {isa = PBXBuildFile; fileRef = 29E961E41E76311C00DBE6EC /* ViewController.m */; };
		29E961E81E76311C00DBE6EC /* Main.storyboard in Resources */ = {isa = PBXBuildFile; fileRef = 29E961E61E76311C00DBE6EC /* Main.storyboard */; };
		29E961EA1E76311C00DBE6EC /* Assets.xcassets in Resources */ = {isa = PBXBuildFile; fileRef = 29E961E91E76311C00DBE6EC /* Assets.xcassets */; };
		29E961ED1E76311C00DBE6EC /* LaunchScreen.storyboard in Resources */ = {isa = PBXBuildFile; fileRef = 29E961EB1E76311C00DBE6EC /* LaunchScreen.storyboard */; };
/* End PBXBuildFile section */

/* Begin PBXFileReference section */
		29E961DA1E76311C00DBE6EC /* Bible.app */ = {isa = PBXFileReference; explicitFileType = wrapper.application; includeInIndex = 0; path = Bible.app; sourceTree = BUILT_PRODUCTS_DIR; };
		29E961DE1E76311C00DBE6EC /* main.m */ = {isa = PBXFileReference; lastKnownFileType = sourcecode.c.objc; path = main.m; sourceTree = "<group>"; };
		29E961E01E76311C00DBE6EC /* AppDelegate.h */ = {isa = PBXFileReference; lastKnownFileType = sourcecode.c.h; path = AppDelegate.h; sourceTree = "<group>"; };
		29E961E11E76311C00DBE6EC /* AppDelegate.m */ = {isa = PBXFileReference; lastKnownFileType = sourcecode.c.objc; path = AppDelegate.m; sourceTree = "<group>"; };
		29E961E31E76311C00DBE6EC /* ViewController.h */ = {isa = PBXFileReference; lastKnownFileType = sourcecode.c.h; path = ViewController.h; sourceTree = "<group>"; };
		29E961E41E76311C00DBE6EC /* ViewController.m */ = {isa = PBXFileReference; lastKnownFileType = sourcecode.c.objc; path = ViewController.m; sourceTree = "<group>"; };
		29E961E71E76311C00DBE6EC /* Base */ = {isa = PBXFileReference; lastKnownFileType = file.storyboard; name = Base; path = Base.lproj/Main.storyboard; sourceTree = "<group>"; };
		29E961E91E76311C00DBE6EC /* Assets.xcassets */ = {isa = PBXFileReference; lastKnownFileType = folder.assetcatalog; path = Assets.xcassets; sourceTree = "<group>"; };
		29E961EC1E76311C00DBE6EC /* Base */ = {isa = PBXFileReference; lastKnownFileType = file.storyboard; name = Base; path = Base.lproj/LaunchScreen.storyboard; sourceTree = "<group>"; };
		29E961EE1E76311C00DBE6EC /* Info.plist */ = {isa = PBXFileReference; lastKnownFileType = text.plist.xml; path = Info.plist; sourceTree = "<group>"; };
/* End PBXFileReference section */

/* Begin PBXFrameworksBuildPhase section */
		29E961D71E76311C00DBE6EC /* Frameworks */ = {
			isa = PBXFrameworksBuildPhase;
			buildActionMask = 2147483647;
			files = (
			);
			runOnlyForDeploymentPostprocessing = 0;
		};
/* End PBXFrameworksBuildPhase section */

/* Begin PBXGroup section */
		29E961D11E76311C00DBE6EC = {
			isa = PBXGroup;
			children = (
				29E961DC1E76311C00DBE6EC /* Bible */,
				29E961DB1E76311C00DBE6EC /* Products */,
			);
			sourceTree = "<group>";
		};
		29E961DB1E76311C00DBE6EC /* Products */ = {
			isa = PBXGroup;
			children = (
				29E961DA1E76311C00DBE6EC /* Bible.app */,
			);
			name = Products;
			sourceTree = "<group>";
		};
		29E961DC1E76311C00DBE6EC /* Bible */ = {
			isa = PBXGroup;
			children = (
				29E961E01E76311C00DBE6EC /* AppDelegate.h */,
				29E961E11E76311C00DBE6EC /* AppDelegate.m */,
				29E961E31E76311C00DBE6EC /* ViewController.h */,
				29E961E41E76311C00DBE6EC /* ViewController.m */,
				29E961E61E76311C00DBE6EC /* Main.storyboard */,
				29E961E91E76311C00DBE6EC /* Assets.xcassets */,
				29E961EB1E76311C00DBE6EC /* LaunchScreen.storyboard */,
				29E961EE1E76311C00DBE6EC /* Info.plist */,
				29E961DD1E76311C00DBE6EC /* Supporting Files */,
			);
			path = Bible;
			sourceTree = "<group>";
		};
		29E961DD1E76311C00DBE6EC /* Supporting Files */ = {
			isa = PBXGroup;
			children = (
				29E961DE1E76311C00DBE6EC /* main.m */,
			);
			name = "Supporting Files";
			sourceTree = "<group>";
		};
/* End PBXGroup section */

/* Begin PBXNativeTarget section */
		29E961D91E76311C00DBE6EC /* Bible */ = {
			isa = PBXNativeTarget;
			buildConfigurationList = 29E961F11E76311C00DBE6EC /* Build configuration list for PBXNativeTarget "Bible" */;
			buildPhases = (
				29E961D61E76311C00DBE6EC /* Sources */,
				29E961D71E76311C00DBE6EC /* Frameworks */,
				29E961D81E76311C00DBE6EC /* Resources */,
			);
			buildRules = (
			);
			dependencies = (
			);
			name = Bible;
			productName = Bible;
			productReference = 29E961DA1E76311C00DBE6EC /* Bible.app */;
			productType = "com.apple.product-type.application";
		};
/* End PBXNativeTarget section */

/* Begin PBXProject section */
		29E961D21E76311C00DBE6EC /* Project object */ = {
			isa = PBXProject;
			attributes = {
				LastUpgradeCheck = 0820;
				ORGANIZATIONNAME = "Joseph Kang";
				TargetAttributes = {
					29E961D91E76311C00DBE6EC = {
						CreatedOnToolsVersion = 8.2.1;
						ProvisioningStyle = Automatic;
					};
				};
			};
			buildConfigurationList = 29E961D51E76311C00DBE6EC /* Build configuration list for PBXProject "Bible" */;
			compatibilityVersion = "Xcode 3.2";
			developmentRegion = English;
			hasScannedForEncodings = 0;
			knownRegions = (
				en,
				Base,
			);
			mainGroup = 29E961D11E76311C00DBE6EC;
			productRefGroup = 29E961DB1E76311C00DBE6EC /* Products */;
			projectDirPath = "";
			projectRoot = "";
			targets = (
				29E961D91E76311C00DBE6EC /* Bible */,
			);
		};
/* End PBXProject section */

/* Begin PBXResourcesBuildPhase section */
		29E961D81E76311C00DBE6EC /* Resources */ = {
			isa = PBXResourcesBuildPhase;
			buildActionMask = 2147483647;
			files = (
				29E961ED1E76311C00DBE6EC /* LaunchScreen.storyboard in Resources */,
				29E961EA1E76311C00DBE6EC /* Assets.xcassets in Resources */,
				29E961E81E76311C00DBE6EC /* Main.storyboard in Resources */,
			);
			runOnlyForDeploymentPostprocessing = 0;
		};
/* End PBXResourcesBuildPhase section */

/* Begin PBXSourcesBuildPhase section */
		29E961D61E76311C00DBE6EC /* Sources */ = {
			isa = PBXSourcesBuildPhase;
			buildActionMask = 2147483647;
			files = (
				29E961E51E76311C00DBE6EC /* ViewController.m in Sources */,
				29E961E21E76311C00DBE6EC /* AppDelegate.m in Sources */,
				29E961DF1E76311C00DBE6EC /* main.m in Sources */,
			);
			runOnlyForDeploymentPostprocessing = 0;
		};
/* End PBXSourcesBuildPhase section */

/* Begin PBXVariantGroup section */
		29E961E61E76311C00DBE6EC /* Main.storyboard */ = {
			isa = PBXVariantGroup;
			children = (
				29E961E71E76311C00DBE6EC /* Base */,
			);
			name = Main.storyboard;
			sourceTree = "<group>";
		};
		29E961EB1E76311C00DBE6EC /* LaunchScreen.storyboard */ = {
			isa = PBXVariantGroup;
			children = (
				29E961EC1E76311C00DBE6EC /* Base */,
			);
			name = LaunchScreen.storyboard;
			sourceTree = "<group>";
		};
/* End PBXVariantGroup section */

/* Begin XCBuildConfiguration section */
		29E961EF1E76311C00DBE6EC /* Debug */ = {
			isa = XCBuildConfiguration;
			buildSettings = {
				ALWAYS_SEARCH_USER_PATHS = NO;
				CLANG_ANALYZER_NONNULL = YES;
				CLANG_CXX_LANGUAGE_STANDARD = "gnu++0x";
				CLANG_CXX_LIBRARY = "libc++";
				CLANG_ENABLE_MODULES = YES;
				CLANG_ENABLE_OBJC_ARC = YES;
				CLANG_WARN_BOOL_CONVERSION = YES;
				CLANG_WARN_CONSTANT_CONVERSION = YES;
				CLANG_WARN_DIRECT_OBJC_ISA_USAGE = YES_ERROR;
				CLANG_WARN_DOCUMENTATION_COMMENTS = YES;
				CLANG_WARN_EMPTY_BODY = YES;
				CLANG_WARN_ENUM_CONVERSION = YES;
				CLANG_WARN_INFINITE_RECURSION = YES;
				CLANG_WARN_INT_CONVERSION = YES;
				CLANG_WARN_OBJC_ROOT_CLASS = YES_ERROR;
				CLANG_WARN_SUSPICIOUS_MOVE = YES;
				CLANG_WARN_UNREACHABLE_CODE = YES;
				CLANG_WARN__DUPLICATE_METHOD_MATCH = YES;
				"CODE_SIGN_IDENTITY[sdk=iphoneos*]" = "iPhone Developer";
				COPY_PHASE_STRIP = NO;
				DEBUG_INFORMATION_FORMAT = dwarf;
				ENABLE_STRICT_OBJC_MSGSEND = YES;
				ENABLE_TESTABILITY = YES;
				GCC_C_LANGUAGE_STANDARD = gnu99;
				GCC_DYNAMIC_NO_PIC = NO;
				GCC_NO_COMMON_BLOCKS = YES;
				GCC_OPTIMIZATION_LEVEL = 0;
				GCC_PREPROCESSOR_DEFINITIONS = (
					"DEBUG=1",
					"$(inherited)",
				);
				GCC_WARN_64_TO_32_BIT_CONVERSION = YES;
				GCC_WARN_ABOUT_RETURN_TYPE = YES_ERROR;
				GCC_WARN_UNDECLARED_SELECTOR = YES;
				GCC_WARN_UNINITIALIZED_AUTOS = YES_AGGRESSIVE;
				GCC_WARN_UNUSED_FUNCTION = YES;
				GCC_WARN_UNUSED_VARIABLE = YES;
				IPHONEOS_DEPLOYMENT_TARGET = 10.2;
				MTL_ENABLE_DEBUG_INFO = YES;
				ONLY_ACTIVE_ARCH = YES;
				SDKROOT = iphoneos;
			};
			name = Debug;
		};
		29E961F01E76311C00DBE6EC /* Release */ = {
			isa = XCBuildConfiguration;
			buildSettings = {
				ALWAYS_SEARCH_USER_PATHS = NO;
				CLANG_ANALYZER_NONNULL = YES;
				CLANG_CXX_LANGUAGE_STANDARD = "gnu++0x";
				CLANG_CXX_LIBRARY = "libc++";
				CLANG_ENABLE_MODULES = YES;
				CLANG_ENABLE_OBJC_ARC = YES;
				CLANG_WARN_BOOL_CONVERSION = YES;
				CLANG_WARN_CONSTANT_CONVERSION = YES;
				CLANG_WARN_DIRECT_OBJC_ISA_USAGE = YES_ERROR;
				CLANG_WARN_DOCUMENTATION_COMMENTS = YES;
				CLANG_WARN_EMPTY_BODY = YES;
				CLANG_WARN_ENUM_CONVERSION = YES;
				CLANG_WARN_INFINITE_RECURSION = YES;
				CLANG_WARN_INT_CONVERSION = YES;
				CLANG_WARN_OBJC_ROOT_CLASS = YES_ERROR;
				CLANG_WARN_SUSPICIOUS_MOVE = YES;
				CLANG_WARN_UNREACHABLE_CODE = YES;
				CLANG_WARN__DUPLICATE_METHOD_MATCH = YES;
				"CODE_SIGN_IDENTITY[sdk=iphoneos*]" = "iPhone Developer";
				COPY_PHASE_STRIP = NO;
				DEBUG_INFORMATION_FORMAT = "dwarf-with-dsym";
				ENABLE_NS_ASSERTIONS = NO;
				ENABLE_STRICT_OBJC_MSGSEND = YES;
				GCC_C_LANGUAGE_STANDARD = gnu99;
				GCC_NO_COMMON_BLOCKS = YES;
				GCC_WARN_64_TO_32_BIT_CONVERSION = YES;
				GCC_WARN_ABOUT_RETURN_TYPE = YES_ERROR;
				GCC_WARN_UNDECLARED_SELECTOR = YES;
				GCC_WARN_UNINITIALIZED_AUTOS = YES_AGGRESSIVE;
				GCC_WARN_UNUSED_FUNCTION = YES;
				GCC_WARN_UNUSED_VARIABLE = YES;
				IPHONEOS_DEPLOYMENT_TARGET = 10.2;
				MTL_ENABLE_DEBUG_INFO = NO;
				SDKROOT = iphoneos;
				VALIDATE_PRODUCT = YES;
			};
			name = Release;
		};
		29E961F21E76311C00DBE6EC /* Debug */ = {
			isa = XCBuildConfiguration;
			buildSettings = {
				ASSETCATALOG_COMPILER_APPICON_NAME = AppIcon;
				INFOPLIST_FILE = Bible/Info.plist;
				LD_RUNPATH_SEARCH_PATHS = "$(inherited) @executable_path/Frameworks";
				PRODUCT_BUNDLE_IDENTIFIER = com.bible.Bible;
				PRODUCT_NAME = "$(TARGET_NAME)";
			};
			name = Debug;
		};
		29E961F31E76311C00DBE6EC /* Release */ = {
			isa = XCBuildConfiguration;
			buildSettings = {
				ASSETCATALOG_COMPILER_APPICON_NAME = AppIcon;
				INFOPLIST_FILE = Bible/Info.plist;
				LD_RUNPATH_SEARCH_PATHS = "$(inherited) @executable_path/Frameworks";
				PRODUCT_BUNDLE_IDENTIFIER = com.bible.Bible;
				PRODUCT_NAME = "$(TARGET_NAME)";
			};
			name = Release;
		};
/* End XCBuildConfiguration section */

/* Begin XCConfigurationList section */
		29E961D51E76311C00DBE6EC /* Build configuration list for PBXProject "Bible" */ = {
			isa = XCConfigurationList;
			buildConfigurations = (
				29E961EF1E76311C00DBE6EC /* Debug */,
				29E961F01E76311C00DBE6EC /* Release */,
			);
			defaultConfigurationIsVisible = 0;
			defaultConfigurationName = Release;
		};
		29E961F11E76311C00DBE6EC /* Build configuration list for PBXNativeTarget "Bible" */ = {
			isa = XCConfigurationList;
			buildConfigurations = (
				29E961F21E76311C00DBE6EC /* Debug */,
				29E961F31E76311C00DBE6EC /* Release */,
			);
			defaultConfigurationIsVisible = 0;
		};
/* End XCConfigurationList section */
	};
	rootObject = 29E961D21E76311C00DBE6EC /* Project object */;
}
